
Microsoft Visual Studio Solution File, Format Version 12.00
# Visual Studio Version 16
VisualStudioVersion = 16.0.29709.97
MinimumVisualStudioVersion = 10.0.40219.1
Project("{FAE04EC0-301F-11D3-BF4B-00C04F79EFBC}") = "TheUltimateTrackingSendLocation", "TheUltimateTrackingSendLocation\TheUltimateTrackingSendLocation.csproj", "{7FC49C27-ECA1-4A38-8872-91893602E355}"
EndProject
Global
	GlobalSection(SolutionConfigurationPlatforms) = preSolution
		Debug|Any CPU = Debug|Any CPU
		Release|Any CPU = Release|Any CPU
	EndGlobalSection
	GlobalSection(ProjectConfigurationPlatforms) = postSolution
		{7FC49C27-ECA1-4A38-8872-91893602E355}.Debug|Any CPU.ActiveCfg = Debug|Any CPU
		{7FC49C27-ECA1-4A38-8872-91893602E355}.Debug|Any CPU.Build.0 = Debug|Any CPU
		{7FC49C27-ECA1-4A38-8872-91893602E355}.Debug|Any CPU.Deploy.0 = Debug|Any CPU
		{7FC49C27-ECA1-4A38-8872-91893602E355}.Release|Any CPU.ActiveCfg = Release|Any CPU
		{7FC49C27-ECA1-4A38-8872-91893602E355}.Release|Any CPU.Build.0 = Release|Any CPU
		{7FC49C27-ECA1-4A38-8872-91893602E355}.Release|Any CPU.Deploy.0 = Release|Any CPU
	EndGlobalSection
	GlobalSection(SolutionProperties) = preSolution
		HideSolutionNode = FALSE
	EndGlobalSection
	GlobalSection(ExtensibilityGlobals) = postSolution
		SolutionGuid = {2DAF6326-A9D9-483E-AFD8-36C258077D21}
	EndGlobalSection
EndGlobal
