
Microsoft Visual Studio Solution File, Format Version 12.00
# Visual Studio Version 16
VisualStudioVersion = 16.0.29728.190
MinimumVisualStudioVersion = 10.0.40219.1
Project("{FAE04EC0-301F-11D3-BF4B-00C04F79EFBC}") = "The_Ultimate_Tracking.Android", "The_Ultimate_Tracking.Android\The_Ultimate_Tracking.Android.csproj", "{D018BAE2-DE16-4D2B-BCA9-5B66DCD1EFE8}"
EndProject
Project("{FAE04EC0-301F-11D3-BF4B-00C04F79EFBC}") = "The_Ultimate_Tracking.iOS", "The_Ultimate_Tracking.iOS\The_Ultimate_Tracking.iOS.csproj", "{CEE281C7-A804-4E2F-B4F0-9ABAC00BA3E6}"
EndProject
Project("{FAE04EC0-301F-11D3-BF4B-00C04F79EFBC}") = "The_Ultimate_Tracking", "The_Ultimate_Tracking\The_Ultimate_Tracking.csproj", "{0A76467E-EBE5-4CC0-AA2A-88CE80B32B4E}"
EndProject
Global
	GlobalSection(SolutionConfigurationPlatforms) = preSolution
		Debug|Any CPU = Debug|Any CPU
		Debug|iPhone = Debug|iPhone
		Debug|iPhoneSimulator = Debug|iPhoneSimulator
		Release|Any CPU = Release|Any CPU
		Release|iPhone = Release|iPhone
		Release|iPhoneSimulator = Release|iPhoneSimulator
	EndGlobalSection
	GlobalSection(ProjectConfigurationPlatforms) = postSolution
		{D018BAE2-DE16-4D2B-BCA9-5B66DCD1EFE8}.Debug|Any CPU.ActiveCfg = Debug|Any CPU
		{D018BAE2-DE16-4D2B-BCA9-5B66DCD1EFE8}.Debug|Any CPU.Build.0 = Debug|Any CPU
		{D018BAE2-DE16-4D2B-BCA9-5B66DCD1EFE8}.Debug|Any CPU.Deploy.0 = Debug|Any CPU
		{D018BAE2-DE16-4D2B-BCA9-5B66DCD1EFE8}.Debug|iPhone.ActiveCfg = Debug|Any CPU
		{D018BAE2-DE16-4D2B-BCA9-5B66DCD1EFE8}.Debug|iPhone.Build.0 = Debug|Any CPU
		{D018BAE2-DE16-4D2B-BCA9-5B66DCD1EFE8}.Debug|iPhone.Deploy.0 = Debug|Any CPU
		{D018BAE2-DE16-4D2B-BCA9-5B66DCD1EFE8}.Debug|iPhoneSimulator.ActiveCfg = Debug|Any CPU
		{D018BAE2-DE16-4D2B-BCA9-5B66DCD1EFE8}.Debug|iPhoneSimulator.Build.0 = Debug|Any CPU
		{D018BAE2-DE16-4D2B-BCA9-5B66DCD1EFE8}.Debug|iPhoneSimulator.Deploy.0 = Debug|Any CPU
		{D018BAE2-DE16-4D2B-BCA9-5B66DCD1EFE8}.Release|Any CPU.ActiveCfg = Release|Any CPU
		{D018BAE2-DE16-4D2B-BCA9-5B66DCD1EFE8}.Release|Any CPU.Build.0 = Release|Any CPU
		{D018BAE2-DE16-4D2B-BCA9-5B66DCD1EFE8}.Release|Any CPU.Deploy.0 = Release|Any CPU
		{D018BAE2-DE16-4D2B-BCA9-5B66DCD1EFE8}.Release|iPhone.ActiveCfg = Release|Any CPU
		{D018BAE2-DE16-4D2B-BCA9-5B66DCD1EFE8}.Release|iPhone.Build.0 = Release|Any CPU
		{D018BAE2-DE16-4D2B-BCA9-5B66DCD1EFE8}.Release|iPhone.Deploy.0 = Release|Any CPU
		{D018BAE2-DE16-4D2B-BCA9-5B66DCD1EFE8}.Release|iPhoneSimulator.ActiveCfg = Release|Any CPU
		{D018BAE2-DE16-4D2B-BCA9-5B66DCD1EFE8}.Release|iPhoneSimulator.Build.0 = Release|Any CPU
		{D018BAE2-DE16-4D2B-BCA9-5B66DCD1EFE8}.Release|iPhoneSimulator.Deploy.0 = Release|Any CPU
		{CEE281C7-A804-4E2F-B4F0-9ABAC00BA3E6}.Debug|Any CPU.ActiveCfg = Debug|iPhoneSimulator
		{CEE281C7-A804-4E2F-B4F0-9ABAC00BA3E6}.Debug|Any CPU.Build.0 = Debug|iPhoneSimulator
		{CEE281C7-A804-4E2F-B4F0-9ABAC00BA3E6}.Debug|Any CPU.Deploy.0 = Debug|iPhoneSimulator
		{CEE281C7-A804-4E2F-B4F0-9ABAC00BA3E6}.Debug|iPhone.ActiveCfg = Debug|iPhone
		{CEE281C7-A804-4E2F-B4F0-9ABAC00BA3E6}.Debug|iPhone.Build.0 = Debug|iPhone
		{CEE281C7-A804-4E2F-B4F0-9ABAC00BA3E6}.Debug|iPhone.Deploy.0 = Debug|iPhone
		{CEE281C7-A804-4E2F-B4F0-9ABAC00BA3E6}.Debug|iPhoneSimulator.ActiveCfg = Debug|iPhoneSimulator
		{CEE281C7-A804-4E2F-B4F0-9ABAC00BA3E6}.Debug|iPhoneSimulator.Build.0 = Debug|iPhoneSimulator
		{CEE281C7-A804-4E2F-B4F0-9ABAC00BA3E6}.Debug|iPhoneSimulator.Deploy.0 = Debug|iPhoneSimulator
		{CEE281C7-A804-4E2F-B4F0-9ABAC00BA3E6}.Release|Any CPU.ActiveCfg = Release|iPhone
		{CEE281C7-A804-4E2F-B4F0-9ABAC00BA3E6}.Release|Any CPU.Build.0 = Release|iPhone
		{CEE281C7-A804-4E2F-B4F0-9ABAC00BA3E6}.Release|Any CPU.Deploy.0 = Release|iPhone
		{CEE281C7-A804-4E2F-B4F0-9ABAC00BA3E6}.Release|iPhone.ActiveCfg = Release|iPhone
		{CEE281C7-A804-4E2F-B4F0-9ABAC00BA3E6}.Release|iPhone.Build.0 = Release|iPhone
		{CEE281C7-A804-4E2F-B4F0-9ABAC00BA3E6}.Release|iPhone.Deploy.0 = Release|iPhone
		{CEE281C7-A804-4E2F-B4F0-9ABAC00BA3E6}.Release|iPhoneSimulator.ActiveCfg = Release|iPhoneSimulator
		{CEE281C7-A804-4E2F-B4F0-9ABAC00BA3E6}.Release|iPhoneSimulator.Build.0 = Release|iPhoneSimulator
		{CEE281C7-A804-4E2F-B4F0-9ABAC00BA3E6}.Release|iPhoneSimulator.Deploy.0 = Release|iPhoneSimulator
		{0A76467E-EBE5-4CC0-AA2A-88CE80B32B4E}.Debug|Any CPU.ActiveCfg = Debug|Any CPU
		{0A76467E-EBE5-4CC0-AA2A-88CE80B32B4E}.Debug|Any CPU.Build.0 = Debug|Any CPU
		{0A76467E-EBE5-4CC0-AA2A-88CE80B32B4E}.Debug|Any CPU.Deploy.0 = Debug|Any CPU
		{0A76467E-EBE5-4CC0-AA2A-88CE80B32B4E}.Debug|iPhone.ActiveCfg = Debug|Any CPU
		{0A76467E-EBE5-4CC0-AA2A-88CE80B32B4E}.Debug|iPhone.Build.0 = Debug|Any CPU
		{0A76467E-EBE5-4CC0-AA2A-88CE80B32B4E}.Debug|iPhone.Deploy.0 = Debug|Any CPU
		{0A76467E-EBE5-4CC0-AA2A-88CE80B32B4E}.Debug|iPhoneSimulator.ActiveCfg = Debug|Any CPU
		{0A76467E-EBE5-4CC0-AA2A-88CE80B32B4E}.Debug|iPhoneSimulator.Build.0 = Debug|Any CPU
		{0A76467E-EBE5-4CC0-AA2A-88CE80B32B4E}.Debug|iPhoneSimulator.Deploy.0 = Debug|Any CPU
		{0A76467E-EBE5-4CC0-AA2A-88CE80B32B4E}.Release|Any CPU.ActiveCfg = Release|Any CPU
		{0A76467E-EBE5-4CC0-AA2A-88CE80B32B4E}.Release|Any CPU.Build.0 = Release|Any CPU
		{0A76467E-EBE5-4CC0-AA2A-88CE80B32B4E}.Release|Any CPU.Deploy.0 = Release|Any CPU
		{0A76467E-EBE5-4CC0-AA2A-88CE80B32B4E}.Release|iPhone.ActiveCfg = Release|Any CPU
		{0A76467E-EBE5-4CC0-AA2A-88CE80B32B4E}.Release|iPhone.Build.0 = Release|Any CPU
		{0A76467E-EBE5-4CC0-AA2A-88CE80B32B4E}.Release|iPhone.Deploy.0 = Release|Any CPU
		{0A76467E-EBE5-4CC0-AA2A-88CE80B32B4E}.Release|iPhoneSimulator.ActiveCfg = Release|Any CPU
		{0A76467E-EBE5-4CC0-AA2A-88CE80B32B4E}.Release|iPhoneSimulator.Build.0 = Release|Any CPU
		{0A76467E-EBE5-4CC0-AA2A-88CE80B32B4E}.Release|iPhoneSimulator.Deploy.0 = Release|Any CPU
	EndGlobalSection
	GlobalSection(SolutionProperties) = preSolution
		HideSolutionNode = FALSE
	EndGlobalSection
	GlobalSection(ExtensibilityGlobals) = postSolution
		SolutionGuid = {DCE109FD-4E17-409D-BBD4-11B7C7F36E2A}
	EndGlobalSection
EndGlobal
